
Microsoft Visual Studio Solution File, Format Version 12.00
# Visual Studio Version 17
VisualStudioVersion = 17.11.35327.3
MinimumVisualStudioVersion = 10.0.40219.1
Project("{9A19103F-16F7-4668-BE54-9A1E7A4F7556}") = "Prog1-Primes", "Prog1-Primes.csproj", "{80FAE40E-C798-43B7-8B10-496F1D101282}"
EndProject
Project("{FAE04EC0-301F-11D3-BF4B-00C04F79EFBC}") = "Prog2", "..\Prog2\Prog2.csproj", "{87A05716-928E-4B4F-882C-584DFFE6C687}"
EndProject
Project("{FAE04EC0-301F-11D3-BF4B-00C04F79EFBC}") = "Test3", "..\Test3\Test3.csproj", "{E17FA92B-E5A7-44A0-8408-20ACFCBDACD3}"
EndProject
Global
	GlobalSection(SolutionConfigurationPlatforms) = preSolution
		Debug|Any CPU = Debug|Any CPU
		Release|Any CPU = Release|Any CPU
	EndGlobalSection
	GlobalSection(ProjectConfigurationPlatforms) = postSolution
		{80FAE40E-C798-43B7-8B10-496F1D101282}.Debug|Any CPU.ActiveCfg = Debug|Any CPU
		{80FAE40E-C798-43B7-8B10-496F1D101282}.Debug|Any CPU.Build.0 = Debug|Any CPU
		{80FAE40E-C798-43B7-8B10-496F1D101282}.Release|Any CPU.ActiveCfg = Release|Any CPU
		{80FAE40E-C798-43B7-8B10-496F1D101282}.Release|Any CPU.Build.0 = Release|Any CPU
		{87A05716-928E-4B4F-882C-584DFFE6C687}.Debug|Any CPU.ActiveCfg = Debug|Any CPU
		{87A05716-928E-4B4F-882C-584DFFE6C687}.Debug|Any CPU.Build.0 = Debug|Any CPU
		{87A05716-928E-4B4F-882C-584DFFE6C687}.Release|Any CPU.ActiveCfg = Release|Any CPU
		{87A05716-928E-4B4F-882C-584DFFE6C687}.Release|Any CPU.Build.0 = Release|Any CPU
		{E17FA92B-E5A7-44A0-8408-20ACFCBDACD3}.Debug|Any CPU.ActiveCfg = Debug|Any CPU
		{E17FA92B-E5A7-44A0-8408-20ACFCBDACD3}.Debug|Any CPU.Build.0 = Debug|Any CPU
		{E17FA92B-E5A7-44A0-8408-20ACFCBDACD3}.Release|Any CPU.ActiveCfg = Release|Any CPU
		{E17FA92B-E5A7-44A0-8408-20ACFCBDACD3}.Release|Any CPU.Build.0 = Release|Any CPU
	EndGlobalSection
	GlobalSection(SolutionProperties) = preSolution
		HideSolutionNode = FALSE
	EndGlobalSection
	GlobalSection(ExtensibilityGlobals) = postSolution
		SolutionGuid = {51AABF3A-C363-4BCF-924D-9B62EC94496D}
	EndGlobalSection
EndGlobal
