
Microsoft Visual Studio Solution File, Format Version 12.00
# Visual Studio Version 17
VisualStudioVersion = 17.11.35327.3
MinimumVisualStudioVersion = 10.0.40219.1
Project("{9A19103F-16F7-4668-BE54-9A1E7A4F7556}") = "Prog1-Primes", "Prog1-Primes.csproj", "{61D1C051-7BEE-47F4-A538-B32C5E87AA9B}"
EndProject
Project("{FAE04EC0-301F-11D3-BF4B-00C04F79EFBC}") = "Prog2", "..\Prog2\Prog2.csproj", "{87A05716-928E-4B4F-882C-584DFFE6C687}"
EndProject
Global
	GlobalSection(SolutionConfigurationPlatforms) = preSolution
		Debug|Any CPU = Debug|Any CPU
		Release|Any CPU = Release|Any CPU
	EndGlobalSection
	GlobalSection(ProjectConfigurationPlatforms) = postSolution
		{61D1C051-7BEE-47F4-A538-B32C5E87AA9B}.Debug|Any CPU.ActiveCfg = Debug|Any CPU
		{61D1C051-7BEE-47F4-A538-B32C5E87AA9B}.Debug|Any CPU.Build.0 = Debug|Any CPU
		{61D1C051-7BEE-47F4-A538-B32C5E87AA9B}.Release|Any CPU.ActiveCfg = Release|Any CPU
		{61D1C051-7BEE-47F4-A538-B32C5E87AA9B}.Release|Any CPU.Build.0 = Release|Any CPU
		{87A05716-928E-4B4F-882C-584DFFE6C687}.Debug|Any CPU.ActiveCfg = Debug|Any CPU
		{87A05716-928E-4B4F-882C-584DFFE6C687}.Debug|Any CPU.Build.0 = Debug|Any CPU
		{87A05716-928E-4B4F-882C-584DFFE6C687}.Release|Any CPU.ActiveCfg = Release|Any CPU
		{87A05716-928E-4B4F-882C-584DFFE6C687}.Release|Any CPU.Build.0 = Release|Any CPU
	EndGlobalSection
	GlobalSection(SolutionProperties) = preSolution
		HideSolutionNode = FALSE
	EndGlobalSection
	GlobalSection(ExtensibilityGlobals) = postSolution
		SolutionGuid = {51AABF3A-C363-4BCF-924D-9B62EC94496D}
	EndGlobalSection
EndGlobal
